// !$*UTF8*$!
{
	archiveVersion = 1;
	classes = {
	};
	objectVersion = 46;
	objects = {

/* Begin PBXBuildFile section */
		0E5C1C4B200747C8009043F7 /* main.m in Sources */ = {isa = PBXBuildFile; fileRef = 0E5C1C4A200747C8009043F7 /* main.m */; };
		0E5C1C4E200747C8009043F7 /* AppDelegate.m in Sources */ = {isa = PBXBuildFile; fileRef = 0E5C1C4D200747C8009043F7 /* AppDelegate.m */; };
		0E5C1C51200747C8009043F7 /* ViewController.m in Sources */ = {isa = PBXBuildFile; fileRef = 0E5C1C50200747C8009043F7 /* ViewController.m */; };
		0E5C1C54200747C8009043F7 /* Main.storyboard in Resources */ = {isa = PBXBuildFile; fileRef = 0E5C1C52200747C8009043F7 /* Main.storyboard */; };
		0E5C1C56200747C8009043F7 /* Assets.xcassets in Resources */ = {isa = PBXBuildFile; fileRef = 0E5C1C55200747C8009043F7 /* Assets.xcassets */; };
		0E5C1C59200747C8009043F7 /* LaunchScreen.storyboard in Resources */ = {isa = PBXBuildFile; fileRef = 0E5C1C57200747C8009043F7 /* LaunchScreen.storyboard */; };
		0E5C1C64200747C8009043F7 /* Child_testTests.m in Sources */ = {isa = PBXBuildFile; fileRef = 0E5C1C63200747C8009043F7 /* Child_testTests.m */; };
		0E5C1C6F200747C8009043F7 /* Child_testUITests.m in Sources */ = {isa = PBXBuildFile; fileRef = 0E5C1C6E200747C8009043F7 /* Child_testUITests.m */; };
		0E5C1C82200757DF009043F7 /* page3.jpg in Resources */ = {isa = PBXBuildFile; fileRef = 0E5C1C7F200757DF009043F7 /* page3.jpg */; };
		0E5C1C83200757DF009043F7 /* page1.jpg in Resources */ = {isa = PBXBuildFile; fileRef = 0E5C1C80200757DF009043F7 /* page1.jpg */; };
		0E5C1C8720075965009043F7 /* FeatureViewController.m in Sources */ = {isa = PBXBuildFile; fileRef = 0E5C1C8620075965009043F7 /* FeatureViewController.m */; };
		0E5C1C8A2007612F009043F7 /* page2.jpg in Resources */ = {isa = PBXBuildFile; fileRef = 0E5C1C892007612F009043F7 /* page2.jpg */; };
		0E5C1C8D2007618B009043F7 /* BaseTabBarController.m in Sources */ = {isa = PBXBuildFile; fileRef = 0E5C1C8C2007618B009043F7 /* BaseTabBarController.m */; };
		0E5C1C90200762AE009043F7 /* BaseNavgationController.m in Sources */ = {isa = PBXBuildFile; fileRef = 0E5C1C8F200762AE009043F7 /* BaseNavgationController.m */; };
		0E5CBD872023FB420017BFA4 /* CommitsData.json in Resources */ = {isa = PBXBuildFile; fileRef = 0E5CBD862023FB420017BFA4 /* CommitsData.json */; };
		0E5CBD8A202400060017BFA4 /* LFLCommitViewController.m in Sources */ = {isa = PBXBuildFile; fileRef = 0E5CBD89202400060017BFA4 /* LFLCommitViewController.m */; };
		0E5CBD90202401480017BFA4 /* LFLCommit.m in Sources */ = {isa = PBXBuildFile; fileRef = 0E5CBD8F202401480017BFA4 /* LFLCommit.m */; };
		0E5CBD93202402AA0017BFA4 /* LFLCommitFrame.m in Sources */ = {isa = PBXBuildFile; fileRef = 0E5CBD92202402AA0017BFA4 /* LFLCommitFrame.m */; };
		0E5CBD96202405AB0017BFA4 /* LFLCommitKit.m in Sources */ = {isa = PBXBuildFile; fileRef = 0E5CBD95202405AB0017BFA4 /* LFLCommitKit.m */; };
		0E5CBD99202409050017BFA4 /* LFLCommitCell.m in Sources */ = {isa = PBXBuildFile; fileRef = 0E5CBD98202409050017BFA4 /* LFLCommitCell.m */; };
		0E5CBD9C2024094F0017BFA4 /* LFLImgLeftBtn.m in Sources */ = {isa = PBXBuildFile; fileRef = 0E5CBD9B2024094F0017BFA4 /* LFLImgLeftBtn.m */; };
		0E5CBD9F202410260017BFA4 /* LFLCommitPhotoView.m in Sources */ = {isa = PBXBuildFile; fileRef = 0E5CBD9E202410260017BFA4 /* LFLCommitPhotoView.m */; };
		0E5CBDA2202410BB0017BFA4 /* LFLStartView.m in Sources */ = {isa = PBXBuildFile; fileRef = 0E5CBDA1202410BB0017BFA4 /* LFLStartView.m */; };
		0E5CBDA5202411680017BFA4 /* LFLButton.m in Sources */ = {isa = PBXBuildFile; fileRef = 0E5CBDA4202411680017BFA4 /* LFLButton.m */; };
		0E5CBDA9202446D80017BFA4 /* LFLChooseViewController.m in Sources */ = {isa = PBXBuildFile; fileRef = 0E5CBDA8202446D80017BFA4 /* LFLChooseViewController.m */; };
		0E5DBC6D200D961B0078AC32 /* iconfont.ttf in Resources */ = {isa = PBXBuildFile; fileRef = 0E5DBC6C200D961B0078AC32 /* iconfont.ttf */; };
		0E5DBC70200D97350078AC32 /* LoginViewController.m in Sources */ = {isa = PBXBuildFile; fileRef = 0E5DBC6F200D97350078AC32 /* LoginViewController.m */; };
		0E5DBC72200DD8D90078AC32 /* logo.jpg in Resources */ = {isa = PBXBuildFile; fileRef = 0E5DBC71200DD8D90078AC32 /* logo.jpg */; };
		0E6943412028065D0030F935 /* LFLChooseModel.m in Sources */ = {isa = PBXBuildFile; fileRef = 0E6943402028065D0030F935 /* LFLChooseModel.m */; };
		0E694344202831500030F935 /* LFLChooseView.m in Sources */ = {isa = PBXBuildFile; fileRef = 0E694343202831500030F935 /* LFLChooseView.m */; };
		0E694347202841E20030F935 /* LFLChooseShowView.m in Sources */ = {isa = PBXBuildFile; fileRef = 0E694346202841E20030F935 /* LFLChooseShowView.m */; };
		0E694350202842910030F935 /* ZJOneChildView.m in Sources */ = {isa = PBXBuildFile; fileRef = 0E694349202842910030F935 /* ZJOneChildView.m */; };
		0E694351202842910030F935 /* ZJThreeChildView.m in Sources */ = {isa = PBXBuildFile; fileRef = 0E69434B202842910030F935 /* ZJThreeChildView.m */; };
		0E694352202842910030F935 /* ZJTwoChildView.m in Sources */ = {isa = PBXBuildFile; fileRef = 0E69434D202842910030F935 /* ZJTwoChildView.m */; };
		0E694353202842910030F935 /* ZJFourChildView.m in Sources */ = {isa = PBXBuildFile; fileRef = 0E69434E202842910030F935 /* ZJFourChildView.m */; };
		0E694358202844540030F935 /* ZJChooseViewOneLeftCell.m in Sources */ = {isa = PBXBuildFile; fileRef = 0E694355202844540030F935 /* ZJChooseViewOneLeftCell.m */; };
		0E694359202844540030F935 /* ZJChooseOneRightCell.m in Sources */ = {isa = PBXBuildFile; fileRef = 0E694357202844540030F935 /* ZJChooseOneRightCell.m */; };
		0E6B9F2420084D48005ABD85 /* TBCityIconFont.m in Sources */ = {isa = PBXBuildFile; fileRef = 0E6B9F1F20084D48005ABD85 /* TBCityIconFont.m */; };
		0E6B9F2520084D48005ABD85 /* TBCityIconInfo.m in Sources */ = {isa = PBXBuildFile; fileRef = 0E6B9F2120084D48005ABD85 /* TBCityIconInfo.m */; };
		0E6B9F2620084D48005ABD85 /* UIImage+TBCityIconFont.m in Sources */ = {isa = PBXBuildFile; fileRef = 0E6B9F2320084D48005ABD85 /* UIImage+TBCityIconFont.m */; };
		0E6B9F2D20084E54005ABD85 /* FirstViewController.m in Sources */ = {isa = PBXBuildFile; fileRef = 0E6B9F2C20084E54005ABD85 /* FirstViewController.m */; };
		0E6B9F3020084E6C005ABD85 /* KidsViewController.m in Sources */ = {isa = PBXBuildFile; fileRef = 0E6B9F2F20084E6C005ABD85 /* KidsViewController.m */; };
		0E6B9F3320084E77005ABD85 /* VideoViewController.m in Sources */ = {isa = PBXBuildFile; fileRef = 0E6B9F3220084E77005ABD85 /* VideoViewController.m */; };
		0E6B9F3620084E80005ABD85 /* MineViewController.m in Sources */ = {isa = PBXBuildFile; fileRef = 0E6B9F3520084E80005ABD85 /* MineViewController.m */; };
		457C4DA31A2FE950D924350B /* libPods-Child-test.a in Frameworks */ = {isa = PBXBuildFile; fileRef = 18C588E21DAC5F432044B7E6 /* libPods-Child-test.a */; };
		4DBD9DA927ACDBE6F32BFAA1 /* libPods-Child-testTests.a in Frameworks */ = {isa = PBXBuildFile; fileRef = 8A3DD1E8DDD9CE6158A37C11 /* libPods-Child-testTests.a */; };
		CC96D78F7F89458135A1E7B9 /* libPods-Child-testUITests.a in Frameworks */ = {isa = PBXBuildFile; fileRef = AFE0F3BA1470ECA21D2CCE6E /* libPods-Child-testUITests.a */; };
/* End PBXBuildFile section */

/* Begin PBXContainerItemProxy section */
		0E5C1C60200747C8009043F7 /* PBXContainerItemProxy */ = {
			isa = PBXContainerItemProxy;
			containerPortal = 0E5C1C3E200747C8009043F7 /* Project object */;
			proxyType = 1;
			remoteGlobalIDString = 0E5C1C45200747C8009043F7;
			remoteInfo = "Child-test";
		};
		0E5C1C6B200747C8009043F7 /* PBXContainerItemProxy */ = {
			isa = PBXContainerItemProxy;
			containerPortal = 0E5C1C3E200747C8009043F7 /* Project object */;
			proxyType = 1;
			remoteGlobalIDString = 0E5C1C45200747C8009043F7;
			remoteInfo = "Child-test";
		};
/* End PBXContainerItemProxy section */

/* Begin PBXFileReference section */
		0402210CA058C6AC46BEF8FA /* Pods-Child-testTests.debug.xcconfig */ = {isa = PBXFileReference; includeInIndex = 1; lastKnownFileType = text.xcconfig; name = "Pods-Child-testTests.debug.xcconfig"; path = "Pods/Target Support Files/Pods-Child-testTests/Pods-Child-testTests.debug.xcconfig"; sourceTree = "<group>"; };
		0E5C1C46200747C8009043F7 /* Child-test.app */ = {isa = PBXFileReference; explicitFileType = wrapper.application; includeInIndex = 0; path = "Child-test.app"; sourceTree = BUILT_PRODUCTS_DIR; };
		0E5C1C4A200747C8009043F7 /* main.m */ = {isa = PBXFileReference; lastKnownFileType = sourcecode.c.objc; path = main.m; sourceTree = "<group>"; };
		0E5C1C4C200747C8009043F7 /* AppDelegate.h */ = {isa = PBXFileReference; lastKnownFileType = sourcecode.c.h; path = AppDelegate.h; sourceTree = "<group>"; };
		0E5C1C4D200747C8009043F7 /* AppDelegate.m */ = {isa = PBXFileReference; lastKnownFileType = sourcecode.c.objc; path = AppDelegate.m; sourceTree = "<group>"; };
		0E5C1C4F200747C8009043F7 /* ViewController.h */ = {isa = PBXFileReference; lastKnownFileType = sourcecode.c.h; path = ViewController.h; sourceTree = "<group>"; };
		0E5C1C50200747C8009043F7 /* ViewController.m */ = {isa = PBXFileReference; lastKnownFileType = sourcecode.c.objc; path = ViewController.m; sourceTree = "<group>"; };
		0E5C1C53200747C8009043F7 /* Base */ = {isa = PBXFileReference; lastKnownFileType = file.storyboard; name = Base; path = Base.lproj/Main.storyboard; sourceTree = "<group>"; };
		0E5C1C55200747C8009043F7 /* Assets.xcassets */ = {isa = PBXFileReference; lastKnownFileType = folder.assetcatalog; path = Assets.xcassets; sourceTree = "<group>"; };
		0E5C1C58200747C8009043F7 /* Base */ = {isa = PBXFileReference; lastKnownFileType = file.storyboard; name = Base; path = Base.lproj/LaunchScreen.storyboard; sourceTree = "<group>"; };
		0E5C1C5A200747C8009043F7 /* Info.plist */ = {isa = PBXFileReference; lastKnownFileType = text.plist.xml; path = Info.plist; sourceTree = "<group>"; };
		0E5C1C5F200747C8009043F7 /* Child-testTests.xctest */ = {isa = PBXFileReference; explicitFileType = wrapper.cfbundle; includeInIndex = 0; path = "Child-testTests.xctest"; sourceTree = BUILT_PRODUCTS_DIR; };
		0E5C1C63200747C8009043F7 /* Child_testTests.m */ = {isa = PBXFileReference; lastKnownFileType = sourcecode.c.objc; path = Child_testTests.m; sourceTree = "<group>"; };
		0E5C1C65200747C8009043F7 /* Info.plist */ = {isa = PBXFileReference; lastKnownFileType = text.plist.xml; path = Info.plist; sourceTree = "<group>"; };
		0E5C1C6A200747C8009043F7 /* Child-testUITests.xctest */ = {isa = PBXFileReference; explicitFileType = wrapper.cfbundle; includeInIndex = 0; path = "Child-testUITests.xctest"; sourceTree = BUILT_PRODUCTS_DIR; };
		0E5C1C6E200747C8009043F7 /* Child_testUITests.m */ = {isa = PBXFileReference; lastKnownFileType = sourcecode.c.objc; path = Child_testUITests.m; sourceTree = "<group>"; };
		0E5C1C70200747C8009043F7 /* Info.plist */ = {isa = PBXFileReference; lastKnownFileType = text.plist.xml; path = Info.plist; sourceTree = "<group>"; };
		0E5C1C7F200757DF009043F7 /* page3.jpg */ = {isa = PBXFileReference; lastKnownFileType = image.jpeg; path = page3.jpg; sourceTree = "<group>"; };
		0E5C1C80200757DF009043F7 /* page1.jpg */ = {isa = PBXFileReference; lastKnownFileType = image.jpeg; path = page1.jpg; sourceTree = "<group>"; };
		0E5C1C8520075965009043F7 /* FeatureViewController.h */ = {isa = PBXFileReference; fileEncoding = 4; lastKnownFileType = sourcecode.c.h; path = FeatureViewController.h; sourceTree = "<group>"; };
		0E5C1C8620075965009043F7 /* FeatureViewController.m */ = {isa = PBXFileReference; fileEncoding = 4; lastKnownFileType = sourcecode.c.objc; path = FeatureViewController.m; sourceTree = "<group>"; };
		0E5C1C8820075A3D009043F7 /* PrefixHeader.pch */ = {isa = PBXFileReference; lastKnownFileType = sourcecode.c.h; path = PrefixHeader.pch; sourceTree = "<group>"; };
		0E5C1C892007612F009043F7 /* page2.jpg */ = {isa = PBXFileReference; lastKnownFileType = image.jpeg; path = page2.jpg; sourceTree = "<group>"; };
		0E5C1C8B2007618B009043F7 /* BaseTabBarController.h */ = {isa = PBXFileReference; fileEncoding = 4; lastKnownFileType = sourcecode.c.h; path = BaseTabBarController.h; sourceTree = "<group>"; };
		0E5C1C8C2007618B009043F7 /* BaseTabBarController.m */ = {isa = PBXFileReference; fileEncoding = 4; lastKnownFileType = sourcecode.c.objc; path = BaseTabBarController.m; sourceTree = "<group>"; };
		0E5C1C8E200762AE009043F7 /* BaseNavgationController.h */ = {isa = PBXFileReference; fileEncoding = 4; lastKnownFileType = sourcecode.c.h; path = BaseNavgationController.h; sourceTree = "<group>"; };
		0E5C1C8F200762AE009043F7 /* BaseNavgationController.m */ = {isa = PBXFileReference; fileEncoding = 4; lastKnownFileType = sourcecode.c.objc; path = BaseNavgationController.m; sourceTree = "<group>"; };
		0E5CBD862023FB420017BFA4 /* CommitsData.json */ = {isa = PBXFileReference; fileEncoding = 4; lastKnownFileType = text.json; path = CommitsData.json; sourceTree = "<group>"; };
		0E5CBD88202400060017BFA4 /* LFLCommitViewController.h */ = {isa = PBXFileReference; fileEncoding = 4; lastKnownFileType = sourcecode.c.h; path = LFLCommitViewController.h; sourceTree = "<group>"; };
		0E5CBD89202400060017BFA4 /* LFLCommitViewController.m */ = {isa = PBXFileReference; fileEncoding = 4; lastKnownFileType = sourcecode.c.objc; path = LFLCommitViewController.m; sourceTree = "<group>"; };
		0E5CBD8E202401480017BFA4 /* LFLCommit.h */ = {isa = PBXFileReference; fileEncoding = 4; lastKnownFileType = sourcecode.c.h; path = LFLCommit.h; sourceTree = "<group>"; };
		0E5CBD8F202401480017BFA4 /* LFLCommit.m */ = {isa = PBXFileReference; fileEncoding = 4; lastKnownFileType = sourcecode.c.objc; path = LFLCommit.m; sourceTree = "<group>"; };
		0E5CBD91202402AA0017BFA4 /* LFLCommitFrame.h */ = {isa = PBXFileReference; fileEncoding = 4; lastKnownFileType = sourcecode.c.h; path = LFLCommitFrame.h; sourceTree = "<group>"; };
		0E5CBD92202402AA0017BFA4 /* LFLCommitFrame.m */ = {isa = PBXFileReference; fileEncoding = 4; lastKnownFileType = sourcecode.c.objc; path = LFLCommitFrame.m; sourceTree = "<group>"; };
		0E5CBD94202405AB0017BFA4 /* LFLCommitKit.h */ = {isa = PBXFileReference; fileEncoding = 4; lastKnownFileType = sourcecode.c.h; path = LFLCommitKit.h; sourceTree = "<group>"; };
		0E5CBD95202405AB0017BFA4 /* LFLCommitKit.m */ = {isa = PBXFileReference; fileEncoding = 4; lastKnownFileType = sourcecode.c.objc; path = LFLCommitKit.m; sourceTree = "<group>"; };
		0E5CBD97202409050017BFA4 /* LFLCommitCell.h */ = {isa = PBXFileReference; fileEncoding = 4; lastKnownFileType = sourcecode.c.h; path = LFLCommitCell.h; sourceTree = "<group>"; };
		0E5CBD98202409050017BFA4 /* LFLCommitCell.m */ = {isa = PBXFileReference; fileEncoding = 4; lastKnownFileType = sourcecode.c.objc; path = LFLCommitCell.m; sourceTree = "<group>"; };
		0E5CBD9A2024094F0017BFA4 /* LFLImgLeftBtn.h */ = {isa = PBXFileReference; fileEncoding = 4; lastKnownFileType = sourcecode.c.h; path = LFLImgLeftBtn.h; sourceTree = "<group>"; };
		0E5CBD9B2024094F0017BFA4 /* LFLImgLeftBtn.m */ = {isa = PBXFileReference; fileEncoding = 4; lastKnownFileType = sourcecode.c.objc; path = LFLImgLeftBtn.m; sourceTree = "<group>"; };
		0E5CBD9D202410260017BFA4 /* LFLCommitPhotoView.h */ = {isa = PBXFileReference; fileEncoding = 4; lastKnownFileType = sourcecode.c.h; path = LFLCommitPhotoView.h; sourceTree = "<group>"; };
		0E5CBD9E202410260017BFA4 /* LFLCommitPhotoView.m */ = {isa = PBXFileReference; fileEncoding = 4; lastKnownFileType = sourcecode.c.objc; path = LFLCommitPhotoView.m; sourceTree = "<group>"; };
		0E5CBDA0202410BB0017BFA4 /* LFLStartView.h */ = {isa = PBXFileReference; fileEncoding = 4; lastKnownFileType = sourcecode.c.h; path = LFLStartView.h; sourceTree = "<group>"; };
		0E5CBDA1202410BB0017BFA4 /* LFLStartView.m */ = {isa = PBXFileReference; fileEncoding = 4; lastKnownFileType = sourcecode.c.objc; path = LFLStartView.m; sourceTree = "<group>"; };
		0E5CBDA3202411680017BFA4 /* LFLButton.h */ = {isa = PBXFileReference; fileEncoding = 4; lastKnownFileType = sourcecode.c.h; path = LFLButton.h; sourceTree = "<group>"; };
		0E5CBDA4202411680017BFA4 /* LFLButton.m */ = {isa = PBXFileReference; fileEncoding = 4; lastKnownFileType = sourcecode.c.objc; path = LFLButton.m; sourceTree = "<group>"; };
		0E5CBDA7202446D80017BFA4 /* LFLChooseViewController.h */ = {isa = PBXFileReference; fileEncoding = 4; lastKnownFileType = sourcecode.c.h; path = LFLChooseViewController.h; sourceTree = "<group>"; };
		0E5CBDA8202446D80017BFA4 /* LFLChooseViewController.m */ = {isa = PBXFileReference; fileEncoding = 4; lastKnownFileType = sourcecode.c.objc; path = LFLChooseViewController.m; sourceTree = "<group>"; };
		0E5DBC6C200D961B0078AC32 /* iconfont.ttf */ = {isa = PBXFileReference; lastKnownFileType = file; path = iconfont.ttf; sourceTree = "<group>"; };
		0E5DBC6E200D97350078AC32 /* LoginViewController.h */ = {isa = PBXFileReference; fileEncoding = 4; lastKnownFileType = sourcecode.c.h; path = LoginViewController.h; sourceTree = "<group>"; };
		0E5DBC6F200D97350078AC32 /* LoginViewController.m */ = {isa = PBXFileReference; fileEncoding = 4; lastKnownFileType = sourcecode.c.objc; path = LoginViewController.m; sourceTree = "<group>"; };
		0E5DBC71200DD8D90078AC32 /* logo.jpg */ = {isa = PBXFileReference; lastKnownFileType = image.jpeg; path = logo.jpg; sourceTree = "<group>"; };
		0E69433F2028065D0030F935 /* LFLChooseModel.h */ = {isa = PBXFileReference; fileEncoding = 4; lastKnownFileType = sourcecode.c.h; path = LFLChooseModel.h; sourceTree = "<group>"; };
		0E6943402028065D0030F935 /* LFLChooseModel.m */ = {isa = PBXFileReference; fileEncoding = 4; lastKnownFileType = sourcecode.c.objc; path = LFLChooseModel.m; sourceTree = "<group>"; };
		0E694342202831500030F935 /* LFLChooseView.h */ = {isa = PBXFileReference; fileEncoding = 4; lastKnownFileType = sourcecode.c.h; path = LFLChooseView.h; sourceTree = "<group>"; };
		0E694343202831500030F935 /* LFLChooseView.m */ = {isa = PBXFileReference; fileEncoding = 4; lastKnownFileType = sourcecode.c.objc; path = LFLChooseView.m; sourceTree = "<group>"; };
		0E694345202841E20030F935 /* LFLChooseShowView.h */ = {isa = PBXFileReference; fileEncoding = 4; lastKnownFileType = sourcecode.c.h; path = LFLChooseShowView.h; sourceTree = "<group>"; };
		0E694346202841E20030F935 /* LFLChooseShowView.m */ = {isa = PBXFileReference; fileEncoding = 4; lastKnownFileType = sourcecode.c.objc; path = LFLChooseShowView.m; sourceTree = "<group>"; };
		0E694348202842910030F935 /* ZJOneChildView.h */ = {isa = PBXFileReference; fileEncoding = 4; lastKnownFileType = sourcecode.c.h; path = ZJOneChildView.h; sourceTree = "<group>"; };
		0E694349202842910030F935 /* ZJOneChildView.m */ = {isa = PBXFileReference; fileEncoding = 4; lastKnownFileType = sourcecode.c.objc; path = ZJOneChildView.m; sourceTree = "<group>"; };
		0E69434A202842910030F935 /* ZJThreeChildView.h */ = {isa = PBXFileReference; fileEncoding = 4; lastKnownFileType = sourcecode.c.h; path = ZJThreeChildView.h; sourceTree = "<group>"; };
		0E69434B202842910030F935 /* ZJThreeChildView.m */ = {isa = PBXFileReference; fileEncoding = 4; lastKnownFileType = sourcecode.c.objc; path = ZJThreeChildView.m; sourceTree = "<group>"; };
		0E69434C202842910030F935 /* ZJTwoChildView.h */ = {isa = PBXFileReference; fileEncoding = 4; lastKnownFileType = sourcecode.c.h; path = ZJTwoChildView.h; sourceTree = "<group>"; };
		0E69434D202842910030F935 /* ZJTwoChildView.m */ = {isa = PBXFileReference; fileEncoding = 4; lastKnownFileType = sourcecode.c.objc; path = ZJTwoChildView.m; sourceTree = "<group>"; };
		0E69434E202842910030F935 /* ZJFourChildView.m */ = {isa = PBXFileReference; fileEncoding = 4; lastKnownFileType = sourcecode.c.objc; path = ZJFourChildView.m; sourceTree = "<group>"; };
		0E69434F202842910030F935 /* ZJFourChildView.h */ = {isa = PBXFileReference; fileEncoding = 4; lastKnownFileType = sourcecode.c.h; path = ZJFourChildView.h; sourceTree = "<group>"; };
		0E694354202844540030F935 /* ZJChooseViewOneLeftCell.h */ = {isa = PBXFileReference; fileEncoding = 4; lastKnownFileType = sourcecode.c.h; path = ZJChooseViewOneLeftCell.h; sourceTree = "<group>"; };
		0E694355202844540030F935 /* ZJChooseViewOneLeftCell.m */ = {isa = PBXFileReference; fileEncoding = 4; lastKnownFileType = sourcecode.c.objc; path = ZJChooseViewOneLeftCell.m; sourceTree = "<group>"; };
		0E694356202844540030F935 /* ZJChooseOneRightCell.h */ = {isa = PBXFileReference; fileEncoding = 4; lastKnownFileType = sourcecode.c.h; path = ZJChooseOneRightCell.h; sourceTree = "<group>"; };
		0E694357202844540030F935 /* ZJChooseOneRightCell.m */ = {isa = PBXFileReference; fileEncoding = 4; lastKnownFileType = sourcecode.c.objc; path = ZJChooseOneRightCell.m; sourceTree = "<group>"; };
		0E6B9F1E20084D48005ABD85 /* TBCityIconFont.h */ = {isa = PBXFileReference; fileEncoding = 4; lastKnownFileType = sourcecode.c.h; path = TBCityIconFont.h; sourceTree = "<group>"; };
		0E6B9F1F20084D48005ABD85 /* TBCityIconFont.m */ = {isa = PBXFileReference; fileEncoding = 4; lastKnownFileType = sourcecode.c.objc; path = TBCityIconFont.m; sourceTree = "<group>"; };
		0E6B9F2020084D48005ABD85 /* TBCityIconInfo.h */ = {isa = PBXFileReference; fileEncoding = 4; lastKnownFileType = sourcecode.c.h; path = TBCityIconInfo.h; sourceTree = "<group>"; };
		0E6B9F2120084D48005ABD85 /* TBCityIconInfo.m */ = {isa = PBXFileReference; fileEncoding = 4; lastKnownFileType = sourcecode.c.objc; path = TBCityIconInfo.m; sourceTree = "<group>"; };
		0E6B9F2220084D48005ABD85 /* UIImage+TBCityIconFont.h */ = {isa = PBXFileReference; fileEncoding = 4; lastKnownFileType = sourcecode.c.h; path = "UIImage+TBCityIconFont.h"; sourceTree = "<group>"; };
		0E6B9F2320084D48005ABD85 /* UIImage+TBCityIconFont.m */ = {isa = PBXFileReference; fileEncoding = 4; lastKnownFileType = sourcecode.c.objc; path = "UIImage+TBCityIconFont.m"; sourceTree = "<group>"; };
		0E6B9F2B20084E54005ABD85 /* FirstViewController.h */ = {isa = PBXFileReference; fileEncoding = 4; lastKnownFileType = sourcecode.c.h; path = FirstViewController.h; sourceTree = "<group>"; };
		0E6B9F2C20084E54005ABD85 /* FirstViewController.m */ = {isa = PBXFileReference; fileEncoding = 4; lastKnownFileType = sourcecode.c.objc; path = FirstViewController.m; sourceTree = "<group>"; };
		0E6B9F2E20084E6C005ABD85 /* KidsViewController.h */ = {isa = PBXFileReference; fileEncoding = 4; lastKnownFileType = sourcecode.c.h; path = KidsViewController.h; sourceTree = "<group>"; };
		0E6B9F2F20084E6C005ABD85 /* KidsViewController.m */ = {isa = PBXFileReference; fileEncoding = 4; lastKnownFileType = sourcecode.c.objc; path = KidsViewController.m; sourceTree = "<group>"; };
		0E6B9F3120084E77005ABD85 /* VideoViewController.h */ = {isa = PBXFileReference; fileEncoding = 4; lastKnownFileType = sourcecode.c.h; path = VideoViewController.h; sourceTree = "<group>"; };
		0E6B9F3220084E77005ABD85 /* VideoViewController.m */ = {isa = PBXFileReference; fileEncoding = 4; lastKnownFileType = sourcecode.c.objc; path = VideoViewController.m; sourceTree = "<group>"; };
		0E6B9F3420084E80005ABD85 /* MineViewController.h */ = {isa = PBXFileReference; fileEncoding = 4; lastKnownFileType = sourcecode.c.h; path = MineViewController.h; sourceTree = "<group>"; };
		0E6B9F3520084E80005ABD85 /* MineViewController.m */ = {isa = PBXFileReference; fileEncoding = 4; lastKnownFileType = sourcecode.c.objc; path = MineViewController.m; sourceTree = "<group>"; };
		15865F1542497CF93BD635D2 /* Pods-Child-testUITests.debug.xcconfig */ = {isa = PBXFileReference; includeInIndex = 1; lastKnownFileType = text.xcconfig; name = "Pods-Child-testUITests.debug.xcconfig"; path = "Pods/Target Support Files/Pods-Child-testUITests/Pods-Child-testUITests.debug.xcconfig"; sourceTree = "<group>"; };
		18C588E21DAC5F432044B7E6 /* libPods-Child-test.a */ = {isa = PBXFileReference; explicitFileType = archive.ar; includeInIndex = 0; path = "libPods-Child-test.a"; sourceTree = BUILT_PRODUCTS_DIR; };
		78BCD0C5971466A9FC6E21FE /* Pods-Child-testUITests.release.xcconfig */ = {isa = PBXFileReference; includeInIndex = 1; lastKnownFileType = text.xcconfig; name = "Pods-Child-testUITests.release.xcconfig"; path = "Pods/Target Support Files/Pods-Child-testUITests/Pods-Child-testUITests.release.xcconfig"; sourceTree = "<group>"; };
		8A3DD1E8DDD9CE6158A37C11 /* libPods-Child-testTests.a */ = {isa = PBXFileReference; explicitFileType = archive.ar; includeInIndex = 0; path = "libPods-Child-testTests.a"; sourceTree = BUILT_PRODUCTS_DIR; };
		AFE0F3BA1470ECA21D2CCE6E /* libPods-Child-testUITests.a */ = {isa = PBXFileReference; explicitFileType = archive.ar; includeInIndex = 0; path = "libPods-Child-testUITests.a"; sourceTree = BUILT_PRODUCTS_DIR; };
		B2D2081F461B75F7A66B9479 /* Pods-Child-test.debug.xcconfig */ = {isa = PBXFileReference; includeInIndex = 1; lastKnownFileType = text.xcconfig; name = "Pods-Child-test.debug.xcconfig"; path = "Pods/Target Support Files/Pods-Child-test/Pods-Child-test.debug.xcconfig"; sourceTree = "<group>"; };
		DCBD9D05AAFAC53B580EF56C /* Pods-Child-test.release.xcconfig */ = {isa = PBXFileReference; includeInIndex = 1; lastKnownFileType = text.xcconfig; name = "Pods-Child-test.release.xcconfig"; path = "Pods/Target Support Files/Pods-Child-test/Pods-Child-test.release.xcconfig"; sourceTree = "<group>"; };
		F6E4BD91A517079D54FE2FDD /* Pods-Child-testTests.release.xcconfig */ = {isa = PBXFileReference; includeInIndex = 1; lastKnownFileType = text.xcconfig; name = "Pods-Child-testTests.release.xcconfig"; path = "Pods/Target Support Files/Pods-Child-testTests/Pods-Child-testTests.release.xcconfig"; sourceTree = "<group>"; };
/* End PBXFileReference section */

/* Begin PBXFrameworksBuildPhase section */
		0E5C1C43200747C8009043F7 /* Frameworks */ = {
			isa = PBXFrameworksBuildPhase;
			buildActionMask = 2147483647;
			files = (
				457C4DA31A2FE950D924350B /* libPods-Child-test.a in Frameworks */,
			);
			runOnlyForDeploymentPostprocessing = 0;
		};
		0E5C1C5C200747C8009043F7 /* Frameworks */ = {
			isa = PBXFrameworksBuildPhase;
			buildActionMask = 2147483647;
			files = (
				4DBD9DA927ACDBE6F32BFAA1 /* libPods-Child-testTests.a in Frameworks */,
			);
			runOnlyForDeploymentPostprocessing = 0;
		};
		0E5C1C67200747C8009043F7 /* Frameworks */ = {
			isa = PBXFrameworksBuildPhase;
			buildActionMask = 2147483647;
			files = (
				CC96D78F7F89458135A1E7B9 /* libPods-Child-testUITests.a in Frameworks */,
			);
			runOnlyForDeploymentPostprocessing = 0;
		};
/* End PBXFrameworksBuildPhase section */

/* Begin PBXGroup section */
		0E5C1C3D200747C8009043F7 = {
			isa = PBXGroup;
			children = (
				0E5C1C48200747C8009043F7 /* Child-test */,
				0E5C1C62200747C8009043F7 /* Child-testTests */,
				0E5C1C6D200747C8009043F7 /* Child-testUITests */,
				0E5C1C47200747C8009043F7 /* Products */,
				4C8CED40AAEB2D74192DBB8A /* Pods */,
				4D41A46DF8638C5A601F1076 /* Frameworks */,
			);
			sourceTree = "<group>";
		};
		0E5C1C47200747C8009043F7 /* Products */ = {
			isa = PBXGroup;
			children = (
				0E5C1C46200747C8009043F7 /* Child-test.app */,
				0E5C1C5F200747C8009043F7 /* Child-testTests.xctest */,
				0E5C1C6A200747C8009043F7 /* Child-testUITests.xctest */,
			);
			name = Products;
			sourceTree = "<group>";
		};
		0E5C1C48200747C8009043F7 /* Child-test */ = {
			isa = PBXGroup;
			children = (
				0E6B9F2A20084E3B005ABD85 /* 首页 */,
				0E6B9F2920084E31005ABD85 /* 育儿 */,
				0E6B9F2820084E29005ABD85 /* 视频 */,
				0E6B9F2720084E1C005ABD85 /* 我的 */,
				0E5C1C7E200757B7009043F7 /* 引导页 */,
				0E5C1C7D2007480C009043F7 /* 图片 */,
				0E5C1C7C200747FF009043F7 /* 其他 */,
				0E5C1C4C200747C8009043F7 /* AppDelegate.h */,
				0E5C1C4D200747C8009043F7 /* AppDelegate.m */,
				0E5C1C4F200747C8009043F7 /* ViewController.h */,
				0E5C1C50200747C8009043F7 /* ViewController.m */,
				0E5C1C52200747C8009043F7 /* Main.storyboard */,
				0E5C1C55200747C8009043F7 /* Assets.xcassets */,
				0E5C1C57200747C8009043F7 /* LaunchScreen.storyboard */,
				0E5C1C5A200747C8009043F7 /* Info.plist */,
				0E5C1C49200747C8009043F7 /* Supporting Files */,
			);
			path = "Child-test";
			sourceTree = "<group>";
		};
		0E5C1C49200747C8009043F7 /* Supporting Files */ = {
			isa = PBXGroup;
			children = (
				0E5C1C4A200747C8009043F7 /* main.m */,
			);
			name = "Supporting Files";
			sourceTree = "<group>";
		};
		0E5C1C62200747C8009043F7 /* Child-testTests */ = {
			isa = PBXGroup;
			children = (
				0E5C1C63200747C8009043F7 /* Child_testTests.m */,
				0E5C1C65200747C8009043F7 /* Info.plist */,
			);
			path = "Child-testTests";
			sourceTree = "<group>";
		};
		0E5C1C6D200747C8009043F7 /* Child-testUITests */ = {
			isa = PBXGroup;
			children = (
				0E5C1C6E200747C8009043F7 /* Child_testUITests.m */,
				0E5C1C70200747C8009043F7 /* Info.plist */,
			);
			path = "Child-testUITests";
			sourceTree = "<group>";
		};
		0E5C1C7C200747FF009043F7 /* 其他 */ = {
			isa = PBXGroup;
			children = (
				0E5DBC71200DD8D90078AC32 /* logo.jpg */,
				0E5DBC6C200D961B0078AC32 /* iconfont.ttf */,
				0E6B9F1D20084D48005ABD85 /* LFL Iconfond */,
				0E5C1C8820075A3D009043F7 /* PrefixHeader.pch */,
				0E5C1C8B2007618B009043F7 /* BaseTabBarController.h */,
				0E5C1C8C2007618B009043F7 /* BaseTabBarController.m */,
				0E5C1C8E200762AE009043F7 /* BaseNavgationController.h */,
				0E5C1C8F200762AE009043F7 /* BaseNavgationController.m */,
				0E5DBC6E200D97350078AC32 /* LoginViewController.h */,
				0E5DBC6F200D97350078AC32 /* LoginViewController.m */,
			);
			name = "其他";
			sourceTree = "<group>";
		};
		0E5C1C7D2007480C009043F7 /* 图片 */ = {
			isa = PBXGroup;
			children = (
				0E5C1C892007612F009043F7 /* page2.jpg */,
				0E5C1C7F200757DF009043F7 /* page3.jpg */,
				0E5C1C80200757DF009043F7 /* page1.jpg */,
			);
			name = "图片";
			sourceTree = "<group>";
		};
		0E5C1C7E200757B7009043F7 /* 引导页 */ = {
			isa = PBXGroup;
			children = (
				0E5C1C8520075965009043F7 /* FeatureViewController.h */,
				0E5C1C8620075965009043F7 /* FeatureViewController.m */,
			);
			name = "引导页";
			sourceTree = "<group>";
		};
		0E5CBD852023FB280017BFA4 /* 评论 */ = {
			isa = PBXGroup;
			children = (
				0E5CBD8D202401020017BFA4 /* C */,
				0E5CBD8C202400FB0017BFA4 /* V */,
				0E5CBD8B202400F40017BFA4 /* M */,
				0E5CBD862023FB420017BFA4 /* CommitsData.json */,
				0E5CBD94202405AB0017BFA4 /* LFLCommitKit.h */,
				0E5CBD95202405AB0017BFA4 /* LFLCommitKit.m */,
			);
			name = "评论";
			sourceTree = "<group>";
		};
		0E5CBD8B202400F40017BFA4 /* M */ = {
			isa = PBXGroup;
			children = (
				0E5CBD8E202401480017BFA4 /* LFLCommit.h */,
				0E5CBD8F202401480017BFA4 /* LFLCommit.m */,
				0E5CBD91202402AA0017BFA4 /* LFLCommitFrame.h */,
				0E5CBD92202402AA0017BFA4 /* LFLCommitFrame.m */,
			);
			name = M;
			sourceTree = "<group>";
		};
		0E5CBD8C202400FB0017BFA4 /* V */ = {
			isa = PBXGroup;
			children = (
				0E5CBD97202409050017BFA4 /* LFLCommitCell.h */,
				0E5CBD98202409050017BFA4 /* LFLCommitCell.m */,
				0E5CBD9A2024094F0017BFA4 /* LFLImgLeftBtn.h */,
				0E5CBD9B2024094F0017BFA4 /* LFLImgLeftBtn.m */,
				0E5CBD9D202410260017BFA4 /* LFLCommitPhotoView.h */,
				0E5CBD9E202410260017BFA4 /* LFLCommitPhotoView.m */,
				0E5CBDA0202410BB0017BFA4 /* LFLStartView.h */,
				0E5CBDA1202410BB0017BFA4 /* LFLStartView.m */,
				0E5CBDA3202411680017BFA4 /* LFLButton.h */,
				0E5CBDA4202411680017BFA4 /* LFLButton.m */,
			);
			name = V;
			sourceTree = "<group>";
		};
		0E5CBD8D202401020017BFA4 /* C */ = {
			isa = PBXGroup;
			children = (
				0E5CBD88202400060017BFA4 /* LFLCommitViewController.h */,
				0E5CBD89202400060017BFA4 /* LFLCommitViewController.m */,
			);
			name = C;
			sourceTree = "<group>";
		};
		0E5CBDA6202446A20017BFA4 /* 筛选 */ = {
			isa = PBXGroup;
			children = (
				0E69433B202806000030F935 /* V */,
				0E69433A202805F70030F935 /* Model */,
				0E5CBDA7202446D80017BFA4 /* LFLChooseViewController.h */,
				0E5CBDA8202446D80017BFA4 /* LFLChooseViewController.m */,
			);
			name = "筛选";
			sourceTree = "<group>";
		};
		0E69433A202805F70030F935 /* Model */ = {
			isa = PBXGroup;
			children = (
				0E69433F2028065D0030F935 /* LFLChooseModel.h */,
				0E6943402028065D0030F935 /* LFLChooseModel.m */,
			);
			name = Model;
			sourceTree = "<group>";
		};
		0E69433B202806000030F935 /* V */ = {
			isa = PBXGroup;
			children = (
				0E694354202844540030F935 /* ZJChooseViewOneLeftCell.h */,
				0E694355202844540030F935 /* ZJChooseViewOneLeftCell.m */,
				0E694356202844540030F935 /* ZJChooseOneRightCell.h */,
				0E694357202844540030F935 /* ZJChooseOneRightCell.m */,
				0E694348202842910030F935 /* ZJOneChildView.h */,
				0E694349202842910030F935 /* ZJOneChildView.m */,
				0E69434A202842910030F935 /* ZJThreeChildView.h */,
				0E69434B202842910030F935 /* ZJThreeChildView.m */,
				0E69434C202842910030F935 /* ZJTwoChildView.h */,
				0E69434D202842910030F935 /* ZJTwoChildView.m */,
				0E69434E202842910030F935 /* ZJFourChildView.m */,
				0E69434F202842910030F935 /* ZJFourChildView.h */,
				0E694342202831500030F935 /* LFLChooseView.h */,
				0E694343202831500030F935 /* LFLChooseView.m */,
				0E694345202841E20030F935 /* LFLChooseShowView.h */,
				0E694346202841E20030F935 /* LFLChooseShowView.m */,
			);
			name = V;
			sourceTree = "<group>";
		};
		0E6B9F1D20084D48005ABD85 /* LFL Iconfond */ = {
			isa = PBXGroup;
			children = (
				0E6B9F1E20084D48005ABD85 /* TBCityIconFont.h */,
				0E6B9F1F20084D48005ABD85 /* TBCityIconFont.m */,
				0E6B9F2020084D48005ABD85 /* TBCityIconInfo.h */,
				0E6B9F2120084D48005ABD85 /* TBCityIconInfo.m */,
				0E6B9F2220084D48005ABD85 /* UIImage+TBCityIconFont.h */,
				0E6B9F2320084D48005ABD85 /* UIImage+TBCityIconFont.m */,
			);
			path = "LFL Iconfond";
			sourceTree = "<group>";
		};
		0E6B9F2720084E1C005ABD85 /* 我的 */ = {
			isa = PBXGroup;
			children = (
				0E6B9F3420084E80005ABD85 /* MineViewController.h */,
				0E6B9F3520084E80005ABD85 /* MineViewController.m */,
			);
			name = "我的";
			sourceTree = "<group>";
		};
		0E6B9F2820084E29005ABD85 /* 视频 */ = {
			isa = PBXGroup;
			children = (
				0E6B9F3120084E77005ABD85 /* VideoViewController.h */,
				0E6B9F3220084E77005ABD85 /* VideoViewController.m */,
			);
			name = "视频";
			sourceTree = "<group>";
		};
		0E6B9F2920084E31005ABD85 /* 育儿 */ = {
			isa = PBXGroup;
			children = (
				0E6B9F2E20084E6C005ABD85 /* KidsViewController.h */,
				0E6B9F2F20084E6C005ABD85 /* KidsViewController.m */,
			);
			name = "育儿";
			sourceTree = "<group>";
		};
		0E6B9F2A20084E3B005ABD85 /* 首页 */ = {
			isa = PBXGroup;
			children = (
				0E6B9F2B20084E54005ABD85 /* FirstViewController.h */,
				0E6B9F2C20084E54005ABD85 /* FirstViewController.m */,
				0E5CBDA6202446A20017BFA4 /* 筛选 */,
				0E5CBD852023FB280017BFA4 /* 评论 */,
			);
			name = "首页";
			sourceTree = "<group>";
		};
		4C8CED40AAEB2D74192DBB8A /* Pods */ = {
			isa = PBXGroup;
			children = (
				B2D2081F461B75F7A66B9479 /* Pods-Child-test.debug.xcconfig */,
				DCBD9D05AAFAC53B580EF56C /* Pods-Child-test.release.xcconfig */,
				0402210CA058C6AC46BEF8FA /* Pods-Child-testTests.debug.xcconfig */,
				F6E4BD91A517079D54FE2FDD /* Pods-Child-testTests.release.xcconfig */,
				15865F1542497CF93BD635D2 /* Pods-Child-testUITests.debug.xcconfig */,
				78BCD0C5971466A9FC6E21FE /* Pods-Child-testUITests.release.xcconfig */,
			);
			name = Pods;
			sourceTree = "<group>";
		};
		4D41A46DF8638C5A601F1076 /* Frameworks */ = {
			isa = PBXGroup;
			children = (
				18C588E21DAC5F432044B7E6 /* libPods-Child-test.a */,
				8A3DD1E8DDD9CE6158A37C11 /* libPods-Child-testTests.a */,
				AFE0F3BA1470ECA21D2CCE6E /* libPods-Child-testUITests.a */,
			);
			name = Frameworks;
			sourceTree = "<group>";
		};
/* End PBXGroup section */

/* Begin PBXNativeTarget section */
		0E5C1C45200747C8009043F7 /* Child-test */ = {
			isa = PBXNativeTarget;
			buildConfigurationList = 0E5C1C73200747C8009043F7 /* Build configuration list for PBXNativeTarget "Child-test" */;
			buildPhases = (
				8F67808B08EB87E06B1C7F52 /* [CP] Check Pods Manifest.lock */,
				0E5C1C42200747C8009043F7 /* Sources */,
				0E5C1C43200747C8009043F7 /* Frameworks */,
				0E5C1C44200747C8009043F7 /* Resources */,
				BF2C47BAE1ACC7A5E7E84416 /* [CP] Embed Pods Frameworks */,
				25EE17C97F75F99A9BF5B2B2 /* [CP] Copy Pods Resources */,
			);
			buildRules = (
			);
			dependencies = (
			);
			name = "Child-test";
			productName = "Child-test";
			productReference = 0E5C1C46200747C8009043F7 /* Child-test.app */;
			productType = "com.apple.product-type.application";
		};
		0E5C1C5E200747C8009043F7 /* Child-testTests */ = {
			isa = PBXNativeTarget;
			buildConfigurationList = 0E5C1C76200747C8009043F7 /* Build configuration list for PBXNativeTarget "Child-testTests" */;
			buildPhases = (
				9FFB03B1AFDB90130E8C6439 /* [CP] Check Pods Manifest.lock */,
				0E5C1C5B200747C8009043F7 /* Sources */,
				0E5C1C5C200747C8009043F7 /* Frameworks */,
				0E5C1C5D200747C8009043F7 /* Resources */,
				6A1A1DB3E53FD1AAEE6C7480 /* [CP] Embed Pods Frameworks */,
				E7BEE2D61D52FE950C1AFFC0 /* [CP] Copy Pods Resources */,
			);
			buildRules = (
			);
			dependencies = (
				0E5C1C61200747C8009043F7 /* PBXTargetDependency */,
			);
			name = "Child-testTests";
			productName = "Child-testTests";
			productReference = 0E5C1C5F200747C8009043F7 /* Child-testTests.xctest */;
			productType = "com.apple.product-type.bundle.unit-test";
		};
		0E5C1C69200747C8009043F7 /* Child-testUITests */ = {
			isa = PBXNativeTarget;
			buildConfigurationList = 0E5C1C79200747C8009043F7 /* Build configuration list for PBXNativeTarget "Child-testUITests" */;
			buildPhases = (
				D959927BA5829C73FD23E381 /* [CP] Check Pods Manifest.lock */,
				0E5C1C66200747C8009043F7 /* Sources */,
				0E5C1C67200747C8009043F7 /* Frameworks */,
				0E5C1C68200747C8009043F7 /* Resources */,
				C9EC268F0A5B35C6801D79B8 /* [CP] Embed Pods Frameworks */,
				5F5490AA6C9D818AD51ACCB7 /* [CP] Copy Pods Resources */,
			);
			buildRules = (
			);
			dependencies = (
				0E5C1C6C200747C8009043F7 /* PBXTargetDependency */,
			);
			name = "Child-testUITests";
			productName = "Child-testUITests";
			productReference = 0E5C1C6A200747C8009043F7 /* Child-testUITests.xctest */;
			productType = "com.apple.product-type.bundle.ui-testing";
		};
/* End PBXNativeTarget section */

/* Begin PBXProject section */
		0E5C1C3E200747C8009043F7 /* Project object */ = {
			isa = PBXProject;
			attributes = {
				LastUpgradeCheck = 0830;
				ORGANIZATIONNAME = Yomoo;
				TargetAttributes = {
					0E5C1C45200747C8009043F7 = {
						CreatedOnToolsVersion = 8.3.2;
						DevelopmentTeam = RW8JPQ8G72;
						ProvisioningStyle = Automatic;
					};
					0E5C1C5E200747C8009043F7 = {
						CreatedOnToolsVersion = 8.3.2;
						DevelopmentTeam = RW8JPQ8G72;
						ProvisioningStyle = Automatic;
						TestTargetID = 0E5C1C45200747C8009043F7;
					};
					0E5C1C69200747C8009043F7 = {
						CreatedOnToolsVersion = 8.3.2;
						DevelopmentTeam = RW8JPQ8G72;
						ProvisioningStyle = Automatic;
						TestTargetID = 0E5C1C45200747C8009043F7;
					};
				};
			};
			buildConfigurationList = 0E5C1C41200747C8009043F7 /* Build configuration list for PBXProject "Child-test" */;
			compatibilityVersion = "Xcode 3.2";
			developmentRegion = English;
			hasScannedForEncodings = 0;
			knownRegions = (
				en,
				Base,
			);
			mainGroup = 0E5C1C3D200747C8009043F7;
			productRefGroup = 0E5C1C47200747C8009043F7 /* Products */;
			projectDirPath = "";
			projectRoot = "";
			targets = (
				0E5C1C45200747C8009043F7 /* Child-test */,
				0E5C1C5E200747C8009043F7 /* Child-testTests */,
				0E5C1C69200747C8009043F7 /* Child-testUITests */,
			);
		};
/* End PBXProject section */

/* Begin PBXResourcesBuildPhase section */
		0E5C1C44200747C8009043F7 /* Resources */ = {
			isa = PBXResourcesBuildPhase;
			buildActionMask = 2147483647;
			files = (
				0E5DBC72200DD8D90078AC32 /* logo.jpg in Resources */,
				0E5C1C82200757DF009043F7 /* page3.jpg in Resources */,
				0E5C1C83200757DF009043F7 /* page1.jpg in Resources */,
				0E5DBC6D200D961B0078AC32 /* iconfont.ttf in Resources */,
				0E5C1C59200747C8009043F7 /* LaunchScreen.storyboard in Resources */,
				0E5C1C56200747C8009043F7 /* Assets.xcassets in Resources */,
				0E5C1C54200747C8009043F7 /* Main.storyboard in Resources */,
				0E5C1C8A2007612F009043F7 /* page2.jpg in Resources */,
				0E5CBD872023FB420017BFA4 /* CommitsData.json in Resources */,
			);
			runOnlyForDeploymentPostprocessing = 0;
		};
		0E5C1C5D200747C8009043F7 /* Resources */ = {
			isa = PBXResourcesBuildPhase;
			buildActionMask = 2147483647;
			files = (
			);
			runOnlyForDeploymentPostprocessing = 0;
		};
		0E5C1C68200747C8009043F7 /* Resources */ = {
			isa = PBXResourcesBuildPhase;
			buildActionMask = 2147483647;
			files = (
			);
			runOnlyForDeploymentPostprocessing = 0;
		};
/* End PBXResourcesBuildPhase section */

/* Begin PBXShellScriptBuildPhase section */
		25EE17C97F75F99A9BF5B2B2 /* [CP] Copy Pods Resources */ = {
			isa = PBXShellScriptBuildPhase;
			buildActionMask = 2147483647;
			files = (
			);
			inputPaths = (
			);
			name = "[CP] Copy Pods Resources";
			outputPaths = (
			);
			runOnlyForDeploymentPostprocessing = 0;
			shellPath = /bin/sh;
			shellScript = "\"${SRCROOT}/Pods/Target Support Files/Pods-Child-test/Pods-Child-test-resources.sh\"\n";
			showEnvVarsInLog = 0;
		};
		5F5490AA6C9D818AD51ACCB7 /* [CP] Copy Pods Resources */ = {
			isa = PBXShellScriptBuildPhase;
			buildActionMask = 2147483647;
			files = (
			);
			inputPaths = (
			);
			name = "[CP] Copy Pods Resources";
			outputPaths = (
			);
			runOnlyForDeploymentPostprocessing = 0;
			shellPath = /bin/sh;
			shellScript = "\"${SRCROOT}/Pods/Target Support Files/Pods-Child-testUITests/Pods-Child-testUITests-resources.sh\"\n";
			showEnvVarsInLog = 0;
		};
		6A1A1DB3E53FD1AAEE6C7480 /* [CP] Embed Pods Frameworks */ = {
			isa = PBXShellScriptBuildPhase;
			buildActionMask = 2147483647;
			files = (
			);
			inputPaths = (
			);
			name = "[CP] Embed Pods Frameworks";
			outputPaths = (
			);
			runOnlyForDeploymentPostprocessing = 0;
			shellPath = /bin/sh;
			shellScript = "\"${SRCROOT}/Pods/Target Support Files/Pods-Child-testTests/Pods-Child-testTests-frameworks.sh\"\n";
			showEnvVarsInLog = 0;
		};
		8F67808B08EB87E06B1C7F52 /* [CP] Check Pods Manifest.lock */ = {
			isa = PBXShellScriptBuildPhase;
			buildActionMask = 2147483647;
			files = (
			);
			inputPaths = (
			);
			name = "[CP] Check Pods Manifest.lock";
			outputPaths = (
			);
			runOnlyForDeploymentPostprocessing = 0;
			shellPath = /bin/sh;
			shellScript = "diff \"${PODS_ROOT}/../Podfile.lock\" \"${PODS_ROOT}/Manifest.lock\" > /dev/null\nif [ $? != 0 ] ; then\n    # print error to STDERR\n    echo \"error: The sandbox is not in sync with the Podfile.lock. Run 'pod install' or update your CocoaPods installation.\" >&2\n    exit 1\nfi\n";
			showEnvVarsInLog = 0;
		};
		9FFB03B1AFDB90130E8C6439 /* [CP] Check Pods Manifest.lock */ = {
			isa = PBXShellScriptBuildPhase;
			buildActionMask = 2147483647;
			files = (
			);
			inputPaths = (
			);
			name = "[CP] Check Pods Manifest.lock";
			outputPaths = (
			);
			runOnlyForDeploymentPostprocessing = 0;
			shellPath = /bin/sh;
			shellScript = "diff \"${PODS_ROOT}/../Podfile.lock\" \"${PODS_ROOT}/Manifest.lock\" > /dev/null\nif [ $? != 0 ] ; then\n    # print error to STDERR\n    echo \"error: The sandbox is not in sync with the Podfile.lock. Run 'pod install' or update your CocoaPods installation.\" >&2\n    exit 1\nfi\n";
			showEnvVarsInLog = 0;
		};
		BF2C47BAE1ACC7A5E7E84416 /* [CP] Embed Pods Frameworks */ = {
			isa = PBXShellScriptBuildPhase;
			buildActionMask = 2147483647;
			files = (
			);
			inputPaths = (
			);
			name = "[CP] Embed Pods Frameworks";
			outputPaths = (
			);
			runOnlyForDeploymentPostprocessing = 0;
			shellPath = /bin/sh;
			shellScript = "\"${SRCROOT}/Pods/Target Support Files/Pods-Child-test/Pods-Child-test-frameworks.sh\"\n";
			showEnvVarsInLog = 0;
		};
		C9EC268F0A5B35C6801D79B8 /* [CP] Embed Pods Frameworks */ = {
			isa = PBXShellScriptBuildPhase;
			buildActionMask = 2147483647;
			files = (
			);
			inputPaths = (
			);
			name = "[CP] Embed Pods Frameworks";
			outputPaths = (
			);
			runOnlyForDeploymentPostprocessing = 0;
			shellPath = /bin/sh;
			shellScript = "\"${SRCROOT}/Pods/Target Support Files/Pods-Child-testUITests/Pods-Child-testUITests-frameworks.sh\"\n";
			showEnvVarsInLog = 0;
		};
		D959927BA5829C73FD23E381 /* [CP] Check Pods Manifest.lock */ = {
			isa = PBXShellScriptBuildPhase;
			buildActionMask = 2147483647;
			files = (
			);
			inputPaths = (
			);
			name = "[CP] Check Pods Manifest.lock";
			outputPaths = (
			);
			runOnlyForDeploymentPostprocessing = 0;
			shellPath = /bin/sh;
			shellScript = "diff \"${PODS_ROOT}/../Podfile.lock\" \"${PODS_ROOT}/Manifest.lock\" > /dev/null\nif [ $? != 0 ] ; then\n    # print error to STDERR\n    echo \"error: The sandbox is not in sync with the Podfile.lock. Run 'pod install' or update your CocoaPods installation.\" >&2\n    exit 1\nfi\n";
			showEnvVarsInLog = 0;
		};
		E7BEE2D61D52FE950C1AFFC0 /* [CP] Copy Pods Resources */ = {
			isa = PBXShellScriptBuildPhase;
			buildActionMask = 2147483647;
			files = (
			);
			inputPaths = (
			);
			name = "[CP] Copy Pods Resources";
			outputPaths = (
			);
			runOnlyForDeploymentPostprocessing = 0;
			shellPath = /bin/sh;
			shellScript = "\"${SRCROOT}/Pods/Target Support Files/Pods-Child-testTests/Pods-Child-testTests-resources.sh\"\n";
			showEnvVarsInLog = 0;
		};
/* End PBXShellScriptBuildPhase section */

/* Begin PBXSourcesBuildPhase section */
		0E5C1C42200747C8009043F7 /* Sources */ = {
			isa = PBXSourcesBuildPhase;
			buildActionMask = 2147483647;
			files = (
				0E5C1C8D2007618B009043F7 /* BaseTabBarController.m in Sources */,
				0E694358202844540030F935 /* ZJChooseViewOneLeftCell.m in Sources */,
				0E6943412028065D0030F935 /* LFLChooseModel.m in Sources */,
				0E6B9F3020084E6C005ABD85 /* KidsViewController.m in Sources */,
				0E6B9F3620084E80005ABD85 /* MineViewController.m in Sources */,
				0E694352202842910030F935 /* ZJTwoChildView.m in Sources */,
				0E694351202842910030F935 /* ZJThreeChildView.m in Sources */,
				0E694350202842910030F935 /* ZJOneChildView.m in Sources */,
				0E694344202831500030F935 /* LFLChooseView.m in Sources */,
				0E6B9F3320084E77005ABD85 /* VideoViewController.m in Sources */,
				0E694359202844540030F935 /* ZJChooseOneRightCell.m in Sources */,
				0E5DBC70200D97350078AC32 /* LoginViewController.m in Sources */,
				0E5C1C51200747C8009043F7 /* ViewController.m in Sources */,
				0E5CBD93202402AA0017BFA4 /* LFLCommitFrame.m in Sources */,
				0E694353202842910030F935 /* ZJFourChildView.m in Sources */,
				0E5C1C8720075965009043F7 /* FeatureViewController.m in Sources */,
				0E5C1C4E200747C8009043F7 /* AppDelegate.m in Sources */,
				0E6B9F2420084D48005ABD85 /* TBCityIconFont.m in Sources */,
				0E5CBDA9202446D80017BFA4 /* LFLChooseViewController.m in Sources */,
				0E5CBDA5202411680017BFA4 /* LFLButton.m in Sources */,
				0E5C1C90200762AE009043F7 /* BaseNavgationController.m in Sources */,
				0E5C1C4B200747C8009043F7 /* main.m in Sources */,
				0E5CBD9C2024094F0017BFA4 /* LFLImgLeftBtn.m in Sources */,
				0E6B9F2D20084E54005ABD85 /* FirstViewController.m in Sources */,
				0E5CBDA2202410BB0017BFA4 /* LFLStartView.m in Sources */,
				0E6B9F2620084D48005ABD85 /* UIImage+TBCityIconFont.m in Sources */,
				0E694347202841E20030F935 /* LFLChooseShowView.m in Sources */,
				0E5CBD99202409050017BFA4 /* LFLCommitCell.m in Sources */,
				0E5CBD9F202410260017BFA4 /* LFLCommitPhotoView.m in Sources */,
				0E5CBD96202405AB0017BFA4 /* LFLCommitKit.m in Sources */,
				0E5CBD90202401480017BFA4 /* LFLCommit.m in Sources */,
				0E5CBD8A202400060017BFA4 /* LFLCommitViewController.m in Sources */,
				0E6B9F2520084D48005ABD85 /* TBCityIconInfo.m in Sources */,
			);
			runOnlyForDeploymentPostprocessing = 0;
		};
		0E5C1C5B200747C8009043F7 /* Sources */ = {
			isa = PBXSourcesBuildPhase;
			buildActionMask = 2147483647;
			files = (
				0E5C1C64200747C8009043F7 /* Child_testTests.m in Sources */,
			);
			runOnlyForDeploymentPostprocessing = 0;
		};
		0E5C1C66200747C8009043F7 /* Sources */ = {
			isa = PBXSourcesBuildPhase;
			buildActionMask = 2147483647;
			files = (
				0E5C1C6F200747C8009043F7 /* Child_testUITests.m in Sources */,
			);
			runOnlyForDeploymentPostprocessing = 0;
		};
/* End PBXSourcesBuildPhase section */

/* Begin PBXTargetDependency section */
		0E5C1C61200747C8009043F7 /* PBXTargetDependency */ = {
			isa = PBXTargetDependency;
			target = 0E5C1C45200747C8009043F7 /* Child-test */;
			targetProxy = 0E5C1C60200747C8009043F7 /* PBXContainerItemProxy */;
		};
		0E5C1C6C200747C8009043F7 /* PBXTargetDependency */ = {
			isa = PBXTargetDependency;
			target = 0E5C1C45200747C8009043F7 /* Child-test */;
			targetProxy = 0E5C1C6B200747C8009043F7 /* PBXContainerItemProxy */;
		};
/* End PBXTargetDependency section */

/* Begin PBXVariantGroup section */
		0E5C1C52200747C8009043F7 /* Main.storyboard */ = {
			isa = PBXVariantGroup;
			children = (
				0E5C1C53200747C8009043F7 /* Base */,
			);
			name = Main.storyboard;
			sourceTree = "<group>";
		};
		0E5C1C57200747C8009043F7 /* LaunchScreen.storyboard */ = {
			isa = PBXVariantGroup;
			children = (
				0E5C1C58200747C8009043F7 /* Base */,
			);
			name = LaunchScreen.storyboard;
			sourceTree = "<group>";
		};
/* End PBXVariantGroup section */

/* Begin XCBuildConfiguration section */
		0E5C1C71200747C8009043F7 /* Debug */ = {
			isa = XCBuildConfiguration;
			buildSettings = {
				ALWAYS_SEARCH_USER_PATHS = NO;
				CLANG_ANALYZER_NONNULL = YES;
				CLANG_ANALYZER_NUMBER_OBJECT_CONVERSION = YES_AGGRESSIVE;
				CLANG_CXX_LANGUAGE_STANDARD = "gnu++0x";
				CLANG_CXX_LIBRARY = "libc++";
				CLANG_ENABLE_MODULES = YES;
				CLANG_ENABLE_OBJC_ARC = YES;
				CLANG_WARN_BOOL_CONVERSION = YES;
				CLANG_WARN_CONSTANT_CONVERSION = YES;
				CLANG_WARN_DIRECT_OBJC_ISA_USAGE = YES_ERROR;
				CLANG_WARN_DOCUMENTATION_COMMENTS = YES;
				CLANG_WARN_EMPTY_BODY = YES;
				CLANG_WARN_ENUM_CONVERSION = YES;
				CLANG_WARN_INFINITE_RECURSION = YES;
				CLANG_WARN_INT_CONVERSION = YES;
				CLANG_WARN_OBJC_ROOT_CLASS = YES_ERROR;
				CLANG_WARN_SUSPICIOUS_MOVE = YES;
				CLANG_WARN_UNREACHABLE_CODE = YES;
				CLANG_WARN__DUPLICATE_METHOD_MATCH = YES;
				"CODE_SIGN_IDENTITY[sdk=iphoneos*]" = "iPhone Developer";
				COPY_PHASE_STRIP = NO;
				DEBUG_INFORMATION_FORMAT = dwarf;
				ENABLE_STRICT_OBJC_MSGSEND = YES;
				ENABLE_TESTABILITY = YES;
				GCC_C_LANGUAGE_STANDARD = gnu99;
				GCC_DYNAMIC_NO_PIC = NO;
				GCC_NO_COMMON_BLOCKS = YES;
				GCC_OPTIMIZATION_LEVEL = 0;
				GCC_PREPROCESSOR_DEFINITIONS = (
					"DEBUG=1",
					"$(inherited)",
				);
				GCC_WARN_64_TO_32_BIT_CONVERSION = YES;
				GCC_WARN_ABOUT_RETURN_TYPE = YES_ERROR;
				GCC_WARN_UNDECLARED_SELECTOR = YES;
				GCC_WARN_UNINITIALIZED_AUTOS = YES_AGGRESSIVE;
				GCC_WARN_UNUSED_FUNCTION = YES;
				GCC_WARN_UNUSED_VARIABLE = YES;
				IPHONEOS_DEPLOYMENT_TARGET = 10.3;
				MTL_ENABLE_DEBUG_INFO = YES;
				ONLY_ACTIVE_ARCH = YES;
				SDKROOT = iphoneos;
				TARGETED_DEVICE_FAMILY = "1,2";
			};
			name = Debug;
		};
		0E5C1C72200747C8009043F7 /* Release */ = {
			isa = XCBuildConfiguration;
			buildSettings = {
				ALWAYS_SEARCH_USER_PATHS = NO;
				CLANG_ANALYZER_NONNULL = YES;
				CLANG_ANALYZER_NUMBER_OBJECT_CONVERSION = YES_AGGRESSIVE;
				CLANG_CXX_LANGUAGE_STANDARD = "gnu++0x";
				CLANG_CXX_LIBRARY = "libc++";
				CLANG_ENABLE_MODULES = YES;
				CLANG_ENABLE_OBJC_ARC = YES;
				CLANG_WARN_BOOL_CONVERSION = YES;
				CLANG_WARN_CONSTANT_CONVERSION = YES;
				CLANG_WARN_DIRECT_OBJC_ISA_USAGE = YES_ERROR;
				CLANG_WARN_DOCUMENTATION_COMMENTS = YES;
				CLANG_WARN_EMPTY_BODY = YES;
				CLANG_WARN_ENUM_CONVERSION = YES;
				CLANG_WARN_INFINITE_RECURSION = YES;
				CLANG_WARN_INT_CONVERSION = YES;
				CLANG_WARN_OBJC_ROOT_CLASS = YES_ERROR;
				CLANG_WARN_SUSPICIOUS_MOVE = YES;
				CLANG_WARN_UNREACHABLE_CODE = YES;
				CLANG_WARN__DUPLICATE_METHOD_MATCH = YES;
				"CODE_SIGN_IDENTITY[sdk=iphoneos*]" = "iPhone Developer";
				COPY_PHASE_STRIP = NO;
				DEBUG_INFORMATION_FORMAT = "dwarf-with-dsym";
				ENABLE_NS_ASSERTIONS = NO;
				ENABLE_STRICT_OBJC_MSGSEND = YES;
				GCC_C_LANGUAGE_STANDARD = gnu99;
				GCC_NO_COMMON_BLOCKS = YES;
				GCC_WARN_64_TO_32_BIT_CONVERSION = YES;
				GCC_WARN_ABOUT_RETURN_TYPE = YES_ERROR;
				GCC_WARN_UNDECLARED_SELECTOR = YES;
				GCC_WARN_UNINITIALIZED_AUTOS = YES_AGGRESSIVE;
				GCC_WARN_UNUSED_FUNCTION = YES;
				GCC_WARN_UNUSED_VARIABLE = YES;
				IPHONEOS_DEPLOYMENT_TARGET = 10.3;
				MTL_ENABLE_DEBUG_INFO = NO;
				SDKROOT = iphoneos;
				TARGETED_DEVICE_FAMILY = "1,2";
				VALIDATE_PRODUCT = YES;
			};
			name = Release;
		};
		0E5C1C74200747C8009043F7 /* Debug */ = {
			isa = XCBuildConfiguration;
			baseConfigurationReference = B2D2081F461B75F7A66B9479 /* Pods-Child-test.debug.xcconfig */;
			buildSettings = {
				ASSETCATALOG_COMPILER_APPICON_NAME = AppIcon;
				DEVELOPMENT_TEAM = RW8JPQ8G72;
				GCC_PRECOMPILE_PREFIX_HEADER = YES;
				GCC_PREFIX_HEADER = "Child-test/PrefixHeader.pch";
				INFOPLIST_FILE = "Child-test/Info.plist";
				LD_RUNPATH_SEARCH_PATHS = "$(inherited) @executable_path/Frameworks";
				PRODUCT_BUNDLE_IDENTIFIER = "-.Child-test";
				PRODUCT_NAME = "$(TARGET_NAME)";
			};
			name = Debug;
		};
		0E5C1C75200747C8009043F7 /* Release */ = {
			isa = XCBuildConfiguration;
			baseConfigurationReference = DCBD9D05AAFAC53B580EF56C /* Pods-Child-test.release.xcconfig */;
			buildSettings = {
				ASSETCATALOG_COMPILER_APPICON_NAME = AppIcon;
				DEVELOPMENT_TEAM = RW8JPQ8G72;
				GCC_PRECOMPILE_PREFIX_HEADER = YES;
				GCC_PREFIX_HEADER = "Child-test/PrefixHeader.pch";
				INFOPLIST_FILE = "Child-test/Info.plist";
				LD_RUNPATH_SEARCH_PATHS = "$(inherited) @executable_path/Frameworks";
				PRODUCT_BUNDLE_IDENTIFIER = "-.Child-test";
				PRODUCT_NAME = "$(TARGET_NAME)";
			};
			name = Release;
		};
		0E5C1C77200747C8009043F7 /* Debug */ = {
			isa = XCBuildConfiguration;
			baseConfigurationReference = 0402210CA058C6AC46BEF8FA /* Pods-Child-testTests.debug.xcconfig */;
			buildSettings = {
				BUNDLE_LOADER = "$(TEST_HOST)";
				DEVELOPMENT_TEAM = RW8JPQ8G72;
				INFOPLIST_FILE = "Child-testTests/Info.plist";
				LD_RUNPATH_SEARCH_PATHS = "$(inherited) @executable_path/Frameworks @loader_path/Frameworks";
				PRODUCT_BUNDLE_IDENTIFIER = "-.Child-testTests";
				PRODUCT_NAME = "$(TARGET_NAME)";
				TEST_HOST = "$(BUILT_PRODUCTS_DIR)/Child-test.app/Child-test";
			};
			name = Debug;
		};
		0E5C1C78200747C8009043F7 /* Release */ = {
			isa = XCBuildConfiguration;
			baseConfigurationReference = F6E4BD91A517079D54FE2FDD /* Pods-Child-testTests.release.xcconfig */;
			buildSettings = {
				BUNDLE_LOADER = "$(TEST_HOST)";
				DEVELOPMENT_TEAM = RW8JPQ8G72;
				INFOPLIST_FILE = "Child-testTests/Info.plist";
				LD_RUNPATH_SEARCH_PATHS = "$(inherited) @executable_path/Frameworks @loader_path/Frameworks";
				PRODUCT_BUNDLE_IDENTIFIER = "-.Child-testTests";
				PRODUCT_NAME = "$(TARGET_NAME)";
				TEST_HOST = "$(BUILT_PRODUCTS_DIR)/Child-test.app/Child-test";
			};
			name = Release;
		};
		0E5C1C7A200747C8009043F7 /* Debug */ = {
			isa = XCBuildConfiguration;
			baseConfigurationReference = 15865F1542497CF93BD635D2 /* Pods-Child-testUITests.debug.xcconfig */;
			buildSettings = {
				DEVELOPMENT_TEAM = RW8JPQ8G72;
				INFOPLIST_FILE = "Child-testUITests/Info.plist";
				LD_RUNPATH_SEARCH_PATHS = "$(inherited) @executable_path/Frameworks @loader_path/Frameworks";
				PRODUCT_BUNDLE_IDENTIFIER = "-.Child-testUITests";
				PRODUCT_NAME = "$(TARGET_NAME)";
				TEST_TARGET_NAME = "Child-test";
			};
			name = Debug;
		};
		0E5C1C7B200747C8009043F7 /* Release */ = {
			isa = XCBuildConfiguration;
			baseConfigurationReference = 78BCD0C5971466A9FC6E21FE /* Pods-Child-testUITests.release.xcconfig */;
			buildSettings = {
				DEVELOPMENT_TEAM = RW8JPQ8G72;
				INFOPLIST_FILE = "Child-testUITests/Info.plist";
				LD_RUNPATH_SEARCH_PATHS = "$(inherited) @executable_path/Frameworks @loader_path/Frameworks";
				PRODUCT_BUNDLE_IDENTIFIER = "-.Child-testUITests";
				PRODUCT_NAME = "$(TARGET_NAME)";
				TEST_TARGET_NAME = "Child-test";
			};
			name = Release;
		};
/* End XCBuildConfiguration section */

/* Begin XCConfigurationList section */
		0E5C1C41200747C8009043F7 /* Build configuration list for PBXProject "Child-test" */ = {
			isa = XCConfigurationList;
			buildConfigurations = (
				0E5C1C71200747C8009043F7 /* Debug */,
				0E5C1C72200747C8009043F7 /* Release */,
			);
			defaultConfigurationIsVisible = 0;
			defaultConfigurationName = Release;
		};
		0E5C1C73200747C8009043F7 /* Build configuration list for PBXNativeTarget "Child-test" */ = {
			isa = XCConfigurationList;
			buildConfigurations = (
				0E5C1C74200747C8009043F7 /* Debug */,
				0E5C1C75200747C8009043F7 /* Release */,
			);
			defaultConfigurationIsVisible = 0;
			defaultConfigurationName = Release;
		};
		0E5C1C76200747C8009043F7 /* Build configuration list for PBXNativeTarget "Child-testTests" */ = {
			isa = XCConfigurationList;
			buildConfigurations = (
				0E5C1C77200747C8009043F7 /* Debug */,
				0E5C1C78200747C8009043F7 /* Release */,
			);
			defaultConfigurationIsVisible = 0;
			defaultConfigurationName = Release;
		};
		0E5C1C79200747C8009043F7 /* Build configuration list for PBXNativeTarget "Child-testUITests" */ = {
			isa = XCConfigurationList;
			buildConfigurations = (
				0E5C1C7A200747C8009043F7 /* Debug */,
				0E5C1C7B200747C8009043F7 /* Release */,
			);
			defaultConfigurationIsVisible = 0;
			defaultConfigurationName = Release;
		};
/* End XCConfigurationList section */
	};
	rootObject = 0E5C1C3E200747C8009043F7 /* Project object */;
}
